
Microsoft Visual Studio Solution File, Format Version 12.00
# Visual Studio Version 16
VisualStudioVersion = 16.0.30011.22
MinimumVisualStudioVersion = 10.0.40219.1
Project("{FAE04EC0-301F-11D3-BF4B-00C04F79EFBC}") = "projSFT", "projSFT.csproj", "{61869F1D-16F3-4DA0-B374-31781779A386}"
EndProject
Global
	GlobalSection(SolutionConfigurationPlatforms) = preSolution
		Debug|Any CPU = Debug|Any CPU
		Release|Any CPU = Release|Any CPU
	EndGlobalSection
	GlobalSection(ProjectConfigurationPlatforms) = postSolution
		{61869F1D-16F3-4DA0-B374-31781779A386}.Debug|Any CPU.ActiveCfg = Debug|Any CPU
		{61869F1D-16F3-4DA0-B374-31781779A386}.Debug|Any CPU.Build.0 = Debug|Any CPU
		{61869F1D-16F3-4DA0-B374-31781779A386}.Release|Any CPU.ActiveCfg = Release|Any CPU
		{61869F1D-16F3-4DA0-B374-31781779A386}.Release|Any CPU.Build.0 = Release|Any CPU
	EndGlobalSection
	GlobalSection(SolutionProperties) = preSolution
		HideSolutionNode = FALSE
	EndGlobalSection
	GlobalSection(ExtensibilityGlobals) = postSolution
		SolutionGuid = {8DD7D601-FB5E-4D37-81D7-7E76EEA880B1}
	EndGlobalSection
EndGlobal
